github.com/google/go-cmp v0.6.0 h1:ofyhxvXcZhMsU5ulbFiLKl/XBFqE1GSq7atu8tAmTRI=
github.com/google/go-cmp v0.6.0/go.mod h1:17dUlkBOakJ0+DkrSSNjCkIjxS6bF9zb3elmeNGIjoY=
github.com/pasataleo/go-errors v0.2.0 h1:bl5OdVzySTmtOylWfpWO28MZNvI531DWiR6GN9HCii0=
github.com/pasataleo/go-errors v0.2.0/go.mod h1:hzgGSjSoyNCajQkCCIV5Zz6VNxQ1sxml9lHtWyjDvXo=
github.com/pasataleo/go-flags v0.3.0 h1:VDILTf+KdC1YJL+E2LF+BB4qARrdNZe8yMMXEj4nFlM=
github.com/pasataleo/go-flags v0.3.0/go.mod h1:Vk+k6iS7/p8QROk2JrTk3f/jsUedAJ2JT85/64Gw46M=
github.com/pasataleo/go-inject v0.3.0 h1:zICQ2NvfvG0sri7adyOFS/+pA/FBs5ejeeZ5H803Xls=
github.com/pasataleo/go-inject v0.3.0/go.mod h1:AZK7RFLL4sWVfuyEjtOLQ1PvFwWLy3bxAtE3zfOlpDo=
github.com/pasataleo/go-objects v0.2.0 h1:sLY6o2paK5ibiAEgo41lIZogYvuSbnHH3WvMLJXn55U=
github.com/pasataleo/go-objects v0.2.0/go.mod h1:/GWy8yOOPmRyHPUqICys57iTJKjmE55Vp3WtdFGUC78=
github.com/pasataleo/go-testing v0.2.2 h1:QSnTFola9zkPd42xtrhj2yuIDgNfUg5nSUI62zHJyhw=
github.com/pasataleo/go-testing v0.2.2/go.mod h1:kWsV96/Aw3XiPoizKolFQ4Q/sl2UNhDAkeIpk8Bv1ug=
